{
  "originHash" : "4caa31a5b0b2afde3986ba8e2709839c0876c7621cbab657fdb0ccad5f0b7777",
  "pins" : [
    {
      "identity" : "bdk-swift",
      "kind" : "remoteSourceControl",
      "location" : "https://github.com/bitcoindevkit/bdk-swift.git",
      "state" : {
        "revision" : "f2398109ebd8759322f601d9938779f3cdf99a12",
        "version" : "0.31.1"
      }
    },
    {
      "identity" : "padawankmp",
      "kind" : "remoteSourceControl",
      "location" : "https://github.com/thunderbiscuit/PadawanKmp.git",
      "state" : {
        "revision" : "6319b4b54a62104dfe536161bc8a40edd96a4320",
        "version" : "0.0.2"
      }
    }
  ],
  "version" : 3
}
