// !$*UTF8*$!
{
	archiveVersion = 1;
	classes = {
	};
	objectVersion = 56;
	objects = {

/* Begin PBXBuildFile section */
		BF0198472BDAE00C0078840D /* PadawanKmp in Frameworks */ = {isa = PBXBuildFile; productRef = BF0198462BDAE00C0078840D /* PadawanKmp */; };
		BF9619A92BDB3D00007DCA53 /* PadawanKmp in Frameworks */ = {isa = PBXBuildFile; productRef = BF9619A82BDB3D00007DCA53 /* PadawanKmp */; };
		BFDF73E52BDA9D3600AD758C /* WelcomeView.swift in Sources */ = {isa = PBXBuildFile; fileRef = BFDF73E42BDA9D3600AD758C /* WelcomeView.swift */; };
		BFDF73E72BDA9DCC00AD758C /* WalletViewModel.swift in Sources */ = {isa = PBXBuildFile; fileRef = BFDF73E62BDA9DCC00AD758C /* WalletViewModel.swift */; };
		BFDF73EA2BDA9E9D00AD758C /* BitcoinDevKit in Frameworks */ = {isa = PBXBuildFile; productRef = BFDF73E92BDA9E9D00AD758C /* BitcoinDevKit */; };
		BFDF73EF2BDAA2ED00AD758C /* WalletView.swift in Sources */ = {isa = PBXBuildFile; fileRef = BFDF73EE2BDAA2ED00AD758C /* WalletView.swift */; };
		BFDF73F12BDAA32100AD758C /* MenuView.swift in Sources */ = {isa = PBXBuildFile; fileRef = BFDF73F02BDAA32100AD758C /* MenuView.swift */; };
		BFDF73F32BDAA34500AD758C /* LearnView.swift in Sources */ = {isa = PBXBuildFile; fileRef = BFDF73F22BDAA34500AD758C /* LearnView.swift */; };
		BFDF73F52BDAA38C00AD758C /* SendView.swift in Sources */ = {isa = PBXBuildFile; fileRef = BFDF73F42BDAA38C00AD758C /* SendView.swift */; };
		BFDF73F72BDAA3C200AD758C /* ReceiveView.swift in Sources */ = {isa = PBXBuildFile; fileRef = BFDF73F62BDAA3C200AD758C /* ReceiveView.swift */; };
		BFDF73F92BDAA3F700AD758C /* RecoverView.swift in Sources */ = {isa = PBXBuildFile; fileRef = BFDF73F82BDAA3F700AD758C /* RecoverView.swift */; };
		BFE0DB082BDA6BCD00BF19E3 /* PadawanWalletApp.swift in Sources */ = {isa = PBXBuildFile; fileRef = BFE0DB072BDA6BCD00BF19E3 /* PadawanWalletApp.swift */; };
		BFE0DB0A2BDA6BCD00BF19E3 /* ContentView.swift in Sources */ = {isa = PBXBuildFile; fileRef = BFE0DB092BDA6BCD00BF19E3 /* ContentView.swift */; };
		BFE0DB0C2BDA6BCE00BF19E3 /* Assets.xcassets in Resources */ = {isa = PBXBuildFile; fileRef = BFE0DB0B2BDA6BCE00BF19E3 /* Assets.xcassets */; };
		BFE0DB0F2BDA6BCE00BF19E3 /* Preview Assets.xcassets in Resources */ = {isa = PBXBuildFile; fileRef = BFE0DB0E2BDA6BCE00BF19E3 /* Preview Assets.xcassets */; };
		BFE0DB192BDA6BCE00BF19E3 /* PadawanWalletTests.swift in Sources */ = {isa = PBXBuildFile; fileRef = BFE0DB182BDA6BCE00BF19E3 /* PadawanWalletTests.swift */; };
		BFE0DB232BDA6BCE00BF19E3 /* PadawanWalletUITests.swift in Sources */ = {isa = PBXBuildFile; fileRef = BFE0DB222BDA6BCE00BF19E3 /* PadawanWalletUITests.swift */; };
		BFE0DB252BDA6BCE00BF19E3 /* PadawanWalletUITestsLaunchTests.swift in Sources */ = {isa = PBXBuildFile; fileRef = BFE0DB242BDA6BCE00BF19E3 /* PadawanWalletUITestsLaunchTests.swift */; };
		ED3CAF442BEC355200C81D65 /* Localizable.xcstrings in Resources */ = {isa = PBXBuildFile; fileRef = ED3CAF432BEC355200C81D65 /* Localizable.xcstrings */; };
		ED48F4842BDDB8D30014ACF7 /* String+Extensions.swift in Sources */ = {isa = PBXBuildFile; fileRef = ED48F4832BDDB8D30014ACF7 /* String+Extensions.swift */; };
		ED48F4862BDDB9560014ACF7 /* Int+Extensions.swift in Sources */ = {isa = PBXBuildFile; fileRef = ED48F4852BDDB9560014ACF7 /* Int+Extensions.swift */; };
		EDECB89D2BDC7F2C00BB24D0 /* BDKError+Extensions.swift in Sources */ = {isa = PBXBuildFile; fileRef = EDECB89C2BDC7F2C00BB24D0 /* BDKError+Extensions.swift */; };
/* End PBXBuildFile section */

/* Begin PBXContainerItemProxy section */
		BFE0DB152BDA6BCE00BF19E3 /* PBXContainerItemProxy */ = {
			isa = PBXContainerItemProxy;
			containerPortal = BFE0DAFC2BDA6BCD00BF19E3 /* Project object */;
			proxyType = 1;
			remoteGlobalIDString = BFE0DB032BDA6BCD00BF19E3;
			remoteInfo = PadawanWallet;
		};
		BFE0DB1F2BDA6BCE00BF19E3 /* PBXContainerItemProxy */ = {
			isa = PBXContainerItemProxy;
			containerPortal = BFE0DAFC2BDA6BCD00BF19E3 /* Project object */;
			proxyType = 1;
			remoteGlobalIDString = BFE0DB032BDA6BCD00BF19E3;
			remoteInfo = PadawanWallet;
		};
/* End PBXContainerItemProxy section */

/* Begin PBXFileReference section */
		BFDF73E42BDA9D3600AD758C /* WelcomeView.swift */ = {isa = PBXFileReference; lastKnownFileType = sourcecode.swift; path = WelcomeView.swift; sourceTree = "<group>"; };
		BFDF73E62BDA9DCC00AD758C /* WalletViewModel.swift */ = {isa = PBXFileReference; lastKnownFileType = sourcecode.swift; path = WalletViewModel.swift; sourceTree = "<group>"; };
		BFDF73EE2BDAA2ED00AD758C /* WalletView.swift */ = {isa = PBXFileReference; lastKnownFileType = sourcecode.swift; path = WalletView.swift; sourceTree = "<group>"; };
		BFDF73F02BDAA32100AD758C /* MenuView.swift */ = {isa = PBXFileReference; lastKnownFileType = sourcecode.swift; path = MenuView.swift; sourceTree = "<group>"; };
		BFDF73F22BDAA34500AD758C /* LearnView.swift */ = {isa = PBXFileReference; lastKnownFileType = sourcecode.swift; path = LearnView.swift; sourceTree = "<group>"; };
		BFDF73F42BDAA38C00AD758C /* SendView.swift */ = {isa = PBXFileReference; lastKnownFileType = sourcecode.swift; path = SendView.swift; sourceTree = "<group>"; };
		BFDF73F62BDAA3C200AD758C /* ReceiveView.swift */ = {isa = PBXFileReference; lastKnownFileType = sourcecode.swift; path = ReceiveView.swift; sourceTree = "<group>"; };
		BFDF73F82BDAA3F700AD758C /* RecoverView.swift */ = {isa = PBXFileReference; lastKnownFileType = sourcecode.swift; path = RecoverView.swift; sourceTree = "<group>"; };
		BFE0DB042BDA6BCD00BF19E3 /* PadawanWallet.app */ = {isa = PBXFileReference; explicitFileType = wrapper.application; includeInIndex = 0; path = PadawanWallet.app; sourceTree = BUILT_PRODUCTS_DIR; };
		BFE0DB072BDA6BCD00BF19E3 /* PadawanWalletApp.swift */ = {isa = PBXFileReference; lastKnownFileType = sourcecode.swift; path = PadawanWalletApp.swift; sourceTree = "<group>"; };
		BFE0DB092BDA6BCD00BF19E3 /* ContentView.swift */ = {isa = PBXFileReference; lastKnownFileType = sourcecode.swift; path = ContentView.swift; sourceTree = "<group>"; };
		BFE0DB0B2BDA6BCE00BF19E3 /* Assets.xcassets */ = {isa = PBXFileReference; lastKnownFileType = folder.assetcatalog; path = Assets.xcassets; sourceTree = "<group>"; };
		BFE0DB0E2BDA6BCE00BF19E3 /* Preview Assets.xcassets */ = {isa = PBXFileReference; lastKnownFileType = folder.assetcatalog; path = "Preview Assets.xcassets"; sourceTree = "<group>"; };
		BFE0DB142BDA6BCE00BF19E3 /* PadawanWalletTests.xctest */ = {isa = PBXFileReference; explicitFileType = wrapper.cfbundle; includeInIndex = 0; path = PadawanWalletTests.xctest; sourceTree = BUILT_PRODUCTS_DIR; };
		BFE0DB182BDA6BCE00BF19E3 /* PadawanWalletTests.swift */ = {isa = PBXFileReference; lastKnownFileType = sourcecode.swift; path = PadawanWalletTests.swift; sourceTree = "<group>"; };
		BFE0DB1E2BDA6BCE00BF19E3 /* PadawanWalletUITests.xctest */ = {isa = PBXFileReference; explicitFileType = wrapper.cfbundle; includeInIndex = 0; path = PadawanWalletUITests.xctest; sourceTree = BUILT_PRODUCTS_DIR; };
		BFE0DB222BDA6BCE00BF19E3 /* PadawanWalletUITests.swift */ = {isa = PBXFileReference; lastKnownFileType = sourcecode.swift; path = PadawanWalletUITests.swift; sourceTree = "<group>"; };
		BFE0DB242BDA6BCE00BF19E3 /* PadawanWalletUITestsLaunchTests.swift */ = {isa = PBXFileReference; lastKnownFileType = sourcecode.swift; path = PadawanWalletUITestsLaunchTests.swift; sourceTree = "<group>"; };
		ED3CAF432BEC355200C81D65 /* Localizable.xcstrings */ = {isa = PBXFileReference; lastKnownFileType = text.json.xcstrings; path = Localizable.xcstrings; sourceTree = "<group>"; };
		ED48F4832BDDB8D30014ACF7 /* String+Extensions.swift */ = {isa = PBXFileReference; fileEncoding = 4; lastKnownFileType = sourcecode.swift; path = "String+Extensions.swift"; sourceTree = "<group>"; };
		ED48F4852BDDB9560014ACF7 /* Int+Extensions.swift */ = {isa = PBXFileReference; fileEncoding = 4; lastKnownFileType = sourcecode.swift; path = "Int+Extensions.swift"; sourceTree = "<group>"; };
		EDECB89C2BDC7F2C00BB24D0 /* BDKError+Extensions.swift */ = {isa = PBXFileReference; fileEncoding = 4; lastKnownFileType = sourcecode.swift; path = "BDKError+Extensions.swift"; sourceTree = "<group>"; };
/* End PBXFileReference section */

/* Begin PBXFrameworksBuildPhase section */
		BFE0DB012BDA6BCD00BF19E3 /* Frameworks */ = {
			isa = PBXFrameworksBuildPhase;
			buildActionMask = 2147483647;
			files = (
				BF0198472BDAE00C0078840D /* PadawanKmp in Frameworks */,
				BFDF73EA2BDA9E9D00AD758C /* BitcoinDevKit in Frameworks */,
				BF9619A92BDB3D00007DCA53 /* PadawanKmp in Frameworks */,
			);
			runOnlyForDeploymentPostprocessing = 0;
		};
		BFE0DB112BDA6BCE00BF19E3 /* Frameworks */ = {
			isa = PBXFrameworksBuildPhase;
			buildActionMask = 2147483647;
			files = (
			);
			runOnlyForDeploymentPostprocessing = 0;
		};
		BFE0DB1B2BDA6BCE00BF19E3 /* Frameworks */ = {
			isa = PBXFrameworksBuildPhase;
			buildActionMask = 2147483647;
			files = (
			);
			runOnlyForDeploymentPostprocessing = 0;
		};
/* End PBXFrameworksBuildPhase section */

/* Begin PBXGroup section */
		BFE0DAFB2BDA6BCD00BF19E3 = {
			isa = PBXGroup;
			children = (
				ED3CAF432BEC355200C81D65 /* Localizable.xcstrings */,
				BFE0DB062BDA6BCD00BF19E3 /* PadawanWallet */,
				BFE0DB172BDA6BCE00BF19E3 /* PadawanWalletTests */,
				BFE0DB212BDA6BCE00BF19E3 /* PadawanWalletUITests */,
				BFE0DB052BDA6BCD00BF19E3 /* Products */,
			);
			sourceTree = "<group>";
		};
		BFE0DB052BDA6BCD00BF19E3 /* Products */ = {
			isa = PBXGroup;
			children = (
				BFE0DB042BDA6BCD00BF19E3 /* PadawanWallet.app */,
				BFE0DB142BDA6BCE00BF19E3 /* PadawanWalletTests.xctest */,
				BFE0DB1E2BDA6BCE00BF19E3 /* PadawanWalletUITests.xctest */,
			);
			name = Products;
			sourceTree = "<group>";
		};
		BFE0DB062BDA6BCD00BF19E3 /* PadawanWallet */ = {
			isa = PBXGroup;
			children = (
				EDECB89B2BDC7EDE00BB24D0 /* Extensions */,
				BFE0DB072BDA6BCD00BF19E3 /* PadawanWalletApp.swift */,
				BFE0DB092BDA6BCD00BF19E3 /* ContentView.swift */,
				BFE0DB0B2BDA6BCE00BF19E3 /* Assets.xcassets */,
				BFE0DB0D2BDA6BCE00BF19E3 /* Preview Content */,
				BFDF73E42BDA9D3600AD758C /* WelcomeView.swift */,
				BFDF73E62BDA9DCC00AD758C /* WalletViewModel.swift */,
				BFDF73EE2BDAA2ED00AD758C /* WalletView.swift */,
				BFDF73F02BDAA32100AD758C /* MenuView.swift */,
				BFDF73F22BDAA34500AD758C /* LearnView.swift */,
				BFDF73F42BDAA38C00AD758C /* SendView.swift */,
				BFDF73F62BDAA3C200AD758C /* ReceiveView.swift */,
				BFDF73F82BDAA3F700AD758C /* RecoverView.swift */,
			);
			path = PadawanWallet;
			sourceTree = "<group>";
		};
		BFE0DB0D2BDA6BCE00BF19E3 /* Preview Content */ = {
			isa = PBXGroup;
			children = (
				BFE0DB0E2BDA6BCE00BF19E3 /* Preview Assets.xcassets */,
			);
			path = "Preview Content";
			sourceTree = "<group>";
		};
		BFE0DB172BDA6BCE00BF19E3 /* PadawanWalletTests */ = {
			isa = PBXGroup;
			children = (
				BFE0DB182BDA6BCE00BF19E3 /* PadawanWalletTests.swift */,
			);
			path = PadawanWalletTests;
			sourceTree = "<group>";
		};
		BFE0DB212BDA6BCE00BF19E3 /* PadawanWalletUITests */ = {
			isa = PBXGroup;
			children = (
				BFE0DB222BDA6BCE00BF19E3 /* PadawanWalletUITests.swift */,
				BFE0DB242BDA6BCE00BF19E3 /* PadawanWalletUITestsLaunchTests.swift */,
			);
			path = PadawanWalletUITests;
			sourceTree = "<group>";
		};
		EDECB89B2BDC7EDE00BB24D0 /* Extensions */ = {
			isa = PBXGroup;
			children = (
				ED48F4832BDDB8D30014ACF7 /* String+Extensions.swift */,
				ED48F4852BDDB9560014ACF7 /* Int+Extensions.swift */,
				EDECB89C2BDC7F2C00BB24D0 /* BDKError+Extensions.swift */,
			);
			path = Extensions;
			sourceTree = "<group>";
		};
/* End PBXGroup section */

/* Begin PBXNativeTarget section */
		BFE0DB032BDA6BCD00BF19E3 /* PadawanWallet */ = {
			isa = PBXNativeTarget;
			buildConfigurationList = BFE0DB282BDA6BCE00BF19E3 /* Build configuration list for PBXNativeTarget "PadawanWallet" */;
			buildPhases = (
				BFE0DB002BDA6BCD00BF19E3 /* Sources */,
				BFE0DB012BDA6BCD00BF19E3 /* Frameworks */,
				BFE0DB022BDA6BCD00BF19E3 /* Resources */,
			);
			buildRules = (
			);
			dependencies = (
			);
			name = PadawanWallet;
			packageProductDependencies = (
				BFDF73E92BDA9E9D00AD758C /* BitcoinDevKit */,
				BF0198462BDAE00C0078840D /* PadawanKmp */,
				BF9619A82BDB3D00007DCA53 /* PadawanKmp */,
			);
			productName = PadawanWallet;
			productReference = BFE0DB042BDA6BCD00BF19E3 /* PadawanWallet.app */;
			productType = "com.apple.product-type.application";
		};
		BFE0DB132BDA6BCE00BF19E3 /* PadawanWalletTests */ = {
			isa = PBXNativeTarget;
			buildConfigurationList = BFE0DB2B2BDA6BCE00BF19E3 /* Build configuration list for PBXNativeTarget "PadawanWalletTests" */;
			buildPhases = (
				BFE0DB102BDA6BCE00BF19E3 /* Sources */,
				BFE0DB112BDA6BCE00BF19E3 /* Frameworks */,
				BFE0DB122BDA6BCE00BF19E3 /* Resources */,
			);
			buildRules = (
			);
			dependencies = (
				BFE0DB162BDA6BCE00BF19E3 /* PBXTargetDependency */,
			);
			name = PadawanWalletTests;
			productName = PadawanWalletTests;
			productReference = BFE0DB142BDA6BCE00BF19E3 /* PadawanWalletTests.xctest */;
			productType = "com.apple.product-type.bundle.unit-test";
		};
		BFE0DB1D2BDA6BCE00BF19E3 /* PadawanWalletUITests */ = {
			isa = PBXNativeTarget;
			buildConfigurationList = BFE0DB2E2BDA6BCE00BF19E3 /* Build configuration list for PBXNativeTarget "PadawanWalletUITests" */;
			buildPhases = (
				BFE0DB1A2BDA6BCE00BF19E3 /* Sources */,
				BFE0DB1B2BDA6BCE00BF19E3 /* Frameworks */,
				BFE0DB1C2BDA6BCE00BF19E3 /* Resources */,
			);
			buildRules = (
			);
			dependencies = (
				BFE0DB202BDA6BCE00BF19E3 /* PBXTargetDependency */,
			);
			name = PadawanWalletUITests;
			productName = PadawanWalletUITests;
			productReference = BFE0DB1E2BDA6BCE00BF19E3 /* PadawanWalletUITests.xctest */;
			productType = "com.apple.product-type.bundle.ui-testing";
		};
/* End PBXNativeTarget section */

/* Begin PBXProject section */
		BFE0DAFC2BDA6BCD00BF19E3 /* Project object */ = {
			isa = PBXProject;
			attributes = {
				BuildIndependentTargetsInParallel = 1;
				LastSwiftUpdateCheck = 1500;
				LastUpgradeCheck = 1500;
				TargetAttributes = {
					BFE0DB032BDA6BCD00BF19E3 = {
						CreatedOnToolsVersion = 15.0.1;
					};
					BFE0DB132BDA6BCE00BF19E3 = {
						CreatedOnToolsVersion = 15.0.1;
						TestTargetID = BFE0DB032BDA6BCD00BF19E3;
					};
					BFE0DB1D2BDA6BCE00BF19E3 = {
						CreatedOnToolsVersion = 15.0.1;
						TestTargetID = BFE0DB032BDA6BCD00BF19E3;
					};
				};
			};
			buildConfigurationList = BFE0DAFF2BDA6BCD00BF19E3 /* Build configuration list for PBXProject "PadawanWallet" */;
			compatibilityVersion = "Xcode 14.0";
			developmentRegion = en;
			hasScannedForEncodings = 0;
			knownRegions = (
				en,
				Base,
				fr,
				"pt-PT",
				es,
			);
			mainGroup = BFE0DAFB2BDA6BCD00BF19E3;
			packageReferences = (
				BFDF73E82BDA9E9D00AD758C /* XCRemoteSwiftPackageReference "bdk-swift" */,
				BF9619A72BDB3D00007DCA53 /* XCRemoteSwiftPackageReference "PadawanKmp" */,
			);
			productRefGroup = BFE0DB052BDA6BCD00BF19E3 /* Products */;
			projectDirPath = "";
			projectRoot = "";
			targets = (
				BFE0DB032BDA6BCD00BF19E3 /* PadawanWallet */,
				BFE0DB132BDA6BCE00BF19E3 /* PadawanWalletTests */,
				BFE0DB1D2BDA6BCE00BF19E3 /* PadawanWalletUITests */,
			);
		};
/* End PBXProject section */

/* Begin PBXResourcesBuildPhase section */
		BFE0DB022BDA6BCD00BF19E3 /* Resources */ = {
			isa = PBXResourcesBuildPhase;
			buildActionMask = 2147483647;
			files = (
				BFE0DB0F2BDA6BCE00BF19E3 /* Preview Assets.xcassets in Resources */,
				BFE0DB0C2BDA6BCE00BF19E3 /* Assets.xcassets in Resources */,
				ED3CAF442BEC355200C81D65 /* Localizable.xcstrings in Resources */,
			);
			runOnlyForDeploymentPostprocessing = 0;
		};
		BFE0DB122BDA6BCE00BF19E3 /* Resources */ = {
			isa = PBXResourcesBuildPhase;
			buildActionMask = 2147483647;
			files = (
			);
			runOnlyForDeploymentPostprocessing = 0;
		};
		BFE0DB1C2BDA6BCE00BF19E3 /* Resources */ = {
			isa = PBXResourcesBuildPhase;
			buildActionMask = 2147483647;
			files = (
			);
			runOnlyForDeploymentPostprocessing = 0;
		};
/* End PBXResourcesBuildPhase section */

/* Begin PBXSourcesBuildPhase section */
		BFE0DB002BDA6BCD00BF19E3 /* Sources */ = {
			isa = PBXSourcesBuildPhase;
			buildActionMask = 2147483647;
			files = (
				BFE0DB0A2BDA6BCD00BF19E3 /* ContentView.swift in Sources */,
				BFDF73F32BDAA34500AD758C /* LearnView.swift in Sources */,
				BFDF73F12BDAA32100AD758C /* MenuView.swift in Sources */,
				BFDF73EF2BDAA2ED00AD758C /* WalletView.swift in Sources */,
				ED48F4842BDDB8D30014ACF7 /* String+Extensions.swift in Sources */,
				ED48F4862BDDB9560014ACF7 /* Int+Extensions.swift in Sources */,
				BFDF73E72BDA9DCC00AD758C /* WalletViewModel.swift in Sources */,
				BFDF73F92BDAA3F700AD758C /* RecoverView.swift in Sources */,
				BFDF73E52BDA9D3600AD758C /* WelcomeView.swift in Sources */,
				BFDF73F72BDAA3C200AD758C /* ReceiveView.swift in Sources */,
				EDECB89D2BDC7F2C00BB24D0 /* BDKError+Extensions.swift in Sources */,
				BFDF73F52BDAA38C00AD758C /* SendView.swift in Sources */,
				BFE0DB082BDA6BCD00BF19E3 /* PadawanWalletApp.swift in Sources */,
			);
			runOnlyForDeploymentPostprocessing = 0;
		};
		BFE0DB102BDA6BCE00BF19E3 /* Sources */ = {
			isa = PBXSourcesBuildPhase;
			buildActionMask = 2147483647;
			files = (
				BFE0DB192BDA6BCE00BF19E3 /* PadawanWalletTests.swift in Sources */,
			);
			runOnlyForDeploymentPostprocessing = 0;
		};
		BFE0DB1A2BDA6BCE00BF19E3 /* Sources */ = {
			isa = PBXSourcesBuildPhase;
			buildActionMask = 2147483647;
			files = (
				BFE0DB252BDA6BCE00BF19E3 /* PadawanWalletUITestsLaunchTests.swift in Sources */,
				BFE0DB232BDA6BCE00BF19E3 /* PadawanWalletUITests.swift in Sources */,
			);
			runOnlyForDeploymentPostprocessing = 0;
		};
/* End PBXSourcesBuildPhase section */

/* Begin PBXTargetDependency section */
		BFE0DB162BDA6BCE00BF19E3 /* PBXTargetDependency */ = {
			isa = PBXTargetDependency;
			target = BFE0DB032BDA6BCD00BF19E3 /* PadawanWallet */;
			targetProxy = BFE0DB152BDA6BCE00BF19E3 /* PBXContainerItemProxy */;
		};
		BFE0DB202BDA6BCE00BF19E3 /* PBXTargetDependency */ = {
			isa = PBXTargetDependency;
			target = BFE0DB032BDA6BCD00BF19E3 /* PadawanWallet */;
			targetProxy = BFE0DB1F2BDA6BCE00BF19E3 /* PBXContainerItemProxy */;
		};
/* End PBXTargetDependency section */

/* Begin XCBuildConfiguration section */
		BFE0DB262BDA6BCE00BF19E3 /* Debug */ = {
			isa = XCBuildConfiguration;
			buildSettings = {
				ALWAYS_SEARCH_USER_PATHS = NO;
				ASSETCATALOG_COMPILER_GENERATE_SWIFT_ASSET_SYMBOL_EXTENSIONS = YES;
				CLANG_ANALYZER_NONNULL = YES;
				CLANG_ANALYZER_NUMBER_OBJECT_CONVERSION = YES_AGGRESSIVE;
				CLANG_CXX_LANGUAGE_STANDARD = "gnu++20";
				CLANG_ENABLE_MODULES = YES;
				CLANG_ENABLE_OBJC_ARC = YES;
				CLANG_ENABLE_OBJC_WEAK = YES;
				CLANG_WARN_BLOCK_CAPTURE_AUTORELEASING = YES;
				CLANG_WARN_BOOL_CONVERSION = YES;
				CLANG_WARN_COMMA = YES;
				CLANG_WARN_CONSTANT_CONVERSION = YES;
				CLANG_WARN_DEPRECATED_OBJC_IMPLEMENTATIONS = YES;
				CLANG_WARN_DIRECT_OBJC_ISA_USAGE = YES_ERROR;
				CLANG_WARN_DOCUMENTATION_COMMENTS = YES;
				CLANG_WARN_EMPTY_BODY = YES;
				CLANG_WARN_ENUM_CONVERSION = YES;
				CLANG_WARN_INFINITE_RECURSION = YES;
				CLANG_WARN_INT_CONVERSION = YES;
				CLANG_WARN_NON_LITERAL_NULL_CONVERSION = YES;
				CLANG_WARN_OBJC_IMPLICIT_RETAIN_SELF = YES;
				CLANG_WARN_OBJC_LITERAL_CONVERSION = YES;
				CLANG_WARN_OBJC_ROOT_CLASS = YES_ERROR;
				CLANG_WARN_QUOTED_INCLUDE_IN_FRAMEWORK_HEADER = YES;
				CLANG_WARN_RANGE_LOOP_ANALYSIS = YES;
				CLANG_WARN_STRICT_PROTOTYPES = YES;
				CLANG_WARN_SUSPICIOUS_MOVE = YES;
				CLANG_WARN_UNGUARDED_AVAILABILITY = YES_AGGRESSIVE;
				CLANG_WARN_UNREACHABLE_CODE = YES;
				CLANG_WARN__DUPLICATE_METHOD_MATCH = YES;
				COPY_PHASE_STRIP = NO;
				DEBUG_INFORMATION_FORMAT = dwarf;
				ENABLE_STRICT_OBJC_MSGSEND = YES;
				ENABLE_TESTABILITY = YES;
				ENABLE_USER_SCRIPT_SANDBOXING = YES;
				GCC_C_LANGUAGE_STANDARD = gnu17;
				GCC_DYNAMIC_NO_PIC = NO;
				GCC_NO_COMMON_BLOCKS = YES;
				GCC_OPTIMIZATION_LEVEL = 0;
				GCC_PREPROCESSOR_DEFINITIONS = (
					"DEBUG=1",
					"$(inherited)",
				);
				GCC_WARN_64_TO_32_BIT_CONVERSION = YES;
				GCC_WARN_ABOUT_RETURN_TYPE = YES_ERROR;
				GCC_WARN_UNDECLARED_SELECTOR = YES;
				GCC_WARN_UNINITIALIZED_AUTOS = YES_AGGRESSIVE;
				GCC_WARN_UNUSED_FUNCTION = YES;
				GCC_WARN_UNUSED_VARIABLE = YES;
				IPHONEOS_DEPLOYMENT_TARGET = 17.0;
				LOCALIZATION_PREFERS_STRING_CATALOGS = YES;
				MTL_ENABLE_DEBUG_INFO = INCLUDE_SOURCE;
				MTL_FAST_MATH = YES;
				ONLY_ACTIVE_ARCH = YES;
				SDKROOT = iphoneos;
				SWIFT_ACTIVE_COMPILATION_CONDITIONS = "DEBUG $(inherited)";
				SWIFT_OPTIMIZATION_LEVEL = "-Onone";
			};
			name = Debug;
		};
		BFE0DB272BDA6BCE00BF19E3 /* Release */ = {
			isa = XCBuildConfiguration;
			buildSettings = {
				ALWAYS_SEARCH_USER_PATHS = NO;
				ASSETCATALOG_COMPILER_GENERATE_SWIFT_ASSET_SYMBOL_EXTENSIONS = YES;
				CLANG_ANALYZER_NONNULL = YES;
				CLANG_ANALYZER_NUMBER_OBJECT_CONVERSION = YES_AGGRESSIVE;
				CLANG_CXX_LANGUAGE_STANDARD = "gnu++20";
				CLANG_ENABLE_MODULES = YES;
				CLANG_ENABLE_OBJC_ARC = YES;
				CLANG_ENABLE_OBJC_WEAK = YES;
				CLANG_WARN_BLOCK_CAPTURE_AUTORELEASING = YES;
				CLANG_WARN_BOOL_CONVERSION = YES;
				CLANG_WARN_COMMA = YES;
				CLANG_WARN_CONSTANT_CONVERSION = YES;
				CLANG_WARN_DEPRECATED_OBJC_IMPLEMENTATIONS = YES;
				CLANG_WARN_DIRECT_OBJC_ISA_USAGE = YES_ERROR;
				CLANG_WARN_DOCUMENTATION_COMMENTS = YES;
				CLANG_WARN_EMPTY_BODY = YES;
				CLANG_WARN_ENUM_CONVERSION = YES;
				CLANG_WARN_INFINITE_RECURSION = YES;
				CLANG_WARN_INT_CONVERSION = YES;
				CLANG_WARN_NON_LITERAL_NULL_CONVERSION = YES;
				CLANG_WARN_OBJC_IMPLICIT_RETAIN_SELF = YES;
				CLANG_WARN_OBJC_LITERAL_CONVERSION = YES;
				CLANG_WARN_OBJC_ROOT_CLASS = YES_ERROR;
				CLANG_WARN_QUOTED_INCLUDE_IN_FRAMEWORK_HEADER = YES;
				CLANG_WARN_RANGE_LOOP_ANALYSIS = YES;
				CLANG_WARN_STRICT_PROTOTYPES = YES;
				CLANG_WARN_SUSPICIOUS_MOVE = YES;
				CLANG_WARN_UNGUARDED_AVAILABILITY = YES_AGGRESSIVE;
				CLANG_WARN_UNREACHABLE_CODE = YES;
				CLANG_WARN__DUPLICATE_METHOD_MATCH = YES;
				COPY_PHASE_STRIP = NO;
				DEBUG_INFORMATION_FORMAT = "dwarf-with-dsym";
				ENABLE_NS_ASSERTIONS = NO;
				ENABLE_STRICT_OBJC_MSGSEND = YES;
				ENABLE_USER_SCRIPT_SANDBOXING = YES;
				GCC_C_LANGUAGE_STANDARD = gnu17;
				GCC_NO_COMMON_BLOCKS = YES;
				GCC_WARN_64_TO_32_BIT_CONVERSION = YES;
				GCC_WARN_ABOUT_RETURN_TYPE = YES_ERROR;
				GCC_WARN_UNDECLARED_SELECTOR = YES;
				GCC_WARN_UNINITIALIZED_AUTOS = YES_AGGRESSIVE;
				GCC_WARN_UNUSED_FUNCTION = YES;
				GCC_WARN_UNUSED_VARIABLE = YES;
				IPHONEOS_DEPLOYMENT_TARGET = 17.0;
				LOCALIZATION_PREFERS_STRING_CATALOGS = YES;
				MTL_ENABLE_DEBUG_INFO = NO;
				MTL_FAST_MATH = YES;
				SDKROOT = iphoneos;
				SWIFT_COMPILATION_MODE = wholemodule;
				VALIDATE_PRODUCT = YES;
			};
			name = Release;
		};
		BFE0DB292BDA6BCE00BF19E3 /* Debug */ = {
			isa = XCBuildConfiguration;
			buildSettings = {
				ASSETCATALOG_COMPILER_APPICON_NAME = AppIcon;
				ASSETCATALOG_COMPILER_GLOBAL_ACCENT_COLOR_NAME = AccentColor;
				CODE_SIGN_STYLE = Automatic;
				CURRENT_PROJECT_VERSION = 1;
				DEVELOPMENT_ASSET_PATHS = "\"PadawanWallet/Preview Content\"";
				ENABLE_PREVIEWS = YES;
				GENERATE_INFOPLIST_FILE = YES;
				INFOPLIST_KEY_UIApplicationSceneManifest_Generation = YES;
				INFOPLIST_KEY_UIApplicationSupportsIndirectInputEvents = YES;
				INFOPLIST_KEY_UILaunchScreen_Generation = YES;
				INFOPLIST_KEY_UISupportedInterfaceOrientations_iPad = "UIInterfaceOrientationPortrait UIInterfaceOrientationPortraitUpsideDown UIInterfaceOrientationLandscapeLeft UIInterfaceOrientationLandscapeRight";
				INFOPLIST_KEY_UISupportedInterfaceOrientations_iPhone = "UIInterfaceOrientationPortrait UIInterfaceOrientationLandscapeLeft UIInterfaceOrientationLandscapeRight";
				LD_RUNPATH_SEARCH_PATHS = (
					"$(inherited)",
					"@executable_path/Frameworks",
				);
				MARKETING_VERSION = 1.0;
				PRODUCT_BUNDLE_IDENTIFIER = org.test.PadawanWallet;
				PRODUCT_NAME = "$(TARGET_NAME)";
				SWIFT_EMIT_LOC_STRINGS = YES;
				SWIFT_VERSION = 5.0;
				TARGETED_DEVICE_FAMILY = "1,2";
			};
			name = Debug;
		};
		BFE0DB2A2BDA6BCE00BF19E3 /* Release */ = {
			isa = XCBuildConfiguration;
			buildSettings = {
				ASSETCATALOG_COMPILER_APPICON_NAME = AppIcon;
				ASSETCATALOG_COMPILER_GLOBAL_ACCENT_COLOR_NAME = AccentColor;
				CODE_SIGN_STYLE = Automatic;
				CURRENT_PROJECT_VERSION = 1;
				DEVELOPMENT_ASSET_PATHS = "\"PadawanWallet/Preview Content\"";
				ENABLE_PREVIEWS = YES;
				GENERATE_INFOPLIST_FILE = YES;
				INFOPLIST_KEY_UIApplicationSceneManifest_Generation = YES;
				INFOPLIST_KEY_UIApplicationSupportsIndirectInputEvents = YES;
				INFOPLIST_KEY_UILaunchScreen_Generation = YES;
				INFOPLIST_KEY_UISupportedInterfaceOrientations_iPad = "UIInterfaceOrientationPortrait UIInterfaceOrientationPortraitUpsideDown UIInterfaceOrientationLandscapeLeft UIInterfaceOrientationLandscapeRight";
				INFOPLIST_KEY_UISupportedInterfaceOrientations_iPhone = "UIInterfaceOrientationPortrait UIInterfaceOrientationLandscapeLeft UIInterfaceOrientationLandscapeRight";
				LD_RUNPATH_SEARCH_PATHS = (
					"$(inherited)",
					"@executable_path/Frameworks",
				);
				MARKETING_VERSION = 1.0;
				PRODUCT_BUNDLE_IDENTIFIER = org.test.PadawanWallet;
				PRODUCT_NAME = "$(TARGET_NAME)";
				SWIFT_EMIT_LOC_STRINGS = YES;
				SWIFT_VERSION = 5.0;
				TARGETED_DEVICE_FAMILY = "1,2";
			};
			name = Release;
		};
		BFE0DB2C2BDA6BCE00BF19E3 /* Debug */ = {
			isa = XCBuildConfiguration;
			buildSettings = {
				ALWAYS_EMBED_SWIFT_STANDARD_LIBRARIES = YES;
				BUNDLE_LOADER = "$(TEST_HOST)";
				CODE_SIGN_STYLE = Automatic;
				CURRENT_PROJECT_VERSION = 1;
				GENERATE_INFOPLIST_FILE = YES;
				IPHONEOS_DEPLOYMENT_TARGET = 17.0;
				MARKETING_VERSION = 1.0;
				PRODUCT_BUNDLE_IDENTIFIER = org.test.PadawanWalletTests;
				PRODUCT_NAME = "$(TARGET_NAME)";
				SWIFT_EMIT_LOC_STRINGS = NO;
				SWIFT_VERSION = 5.0;
				TARGETED_DEVICE_FAMILY = "1,2";
				TEST_HOST = "$(BUILT_PRODUCTS_DIR)/PadawanWallet.app/$(BUNDLE_EXECUTABLE_FOLDER_PATH)/PadawanWallet";
			};
			name = Debug;
		};
		BFE0DB2D2BDA6BCE00BF19E3 /* Release */ = {
			isa = XCBuildConfiguration;
			buildSettings = {
				ALWAYS_EMBED_SWIFT_STANDARD_LIBRARIES = YES;
				BUNDLE_LOADER = "$(TEST_HOST)";
				CODE_SIGN_STYLE = Automatic;
				CURRENT_PROJECT_VERSION = 1;
				GENERATE_INFOPLIST_FILE = YES;
				IPHONEOS_DEPLOYMENT_TARGET = 17.0;
				MARKETING_VERSION = 1.0;
				PRODUCT_BUNDLE_IDENTIFIER = org.test.PadawanWalletTests;
				PRODUCT_NAME = "$(TARGET_NAME)";
				SWIFT_EMIT_LOC_STRINGS = NO;
				SWIFT_VERSION = 5.0;
				TARGETED_DEVICE_FAMILY = "1,2";
				TEST_HOST = "$(BUILT_PRODUCTS_DIR)/PadawanWallet.app/$(BUNDLE_EXECUTABLE_FOLDER_PATH)/PadawanWallet";
			};
			name = Release;
		};
		BFE0DB2F2BDA6BCE00BF19E3 /* Debug */ = {
			isa = XCBuildConfiguration;
			buildSettings = {
				ALWAYS_EMBED_SWIFT_STANDARD_LIBRARIES = YES;
				CODE_SIGN_STYLE = Automatic;
				CURRENT_PROJECT_VERSION = 1;
				GENERATE_INFOPLIST_FILE = YES;
				MARKETING_VERSION = 1.0;
				PRODUCT_BUNDLE_IDENTIFIER = org.test.PadawanWalletUITests;
				PRODUCT_NAME = "$(TARGET_NAME)";
				SWIFT_EMIT_LOC_STRINGS = NO;
				SWIFT_VERSION = 5.0;
				TARGETED_DEVICE_FAMILY = "1,2";
				TEST_TARGET_NAME = PadawanWallet;
			};
			name = Debug;
		};
		BFE0DB302BDA6BCE00BF19E3 /* Release */ = {
			isa = XCBuildConfiguration;
			buildSettings = {
				ALWAYS_EMBED_SWIFT_STANDARD_LIBRARIES = YES;
				CODE_SIGN_STYLE = Automatic;
				CURRENT_PROJECT_VERSION = 1;
				GENERATE_INFOPLIST_FILE = YES;
				MARKETING_VERSION = 1.0;
				PRODUCT_BUNDLE_IDENTIFIER = org.test.PadawanWalletUITests;
				PRODUCT_NAME = "$(TARGET_NAME)";
				SWIFT_EMIT_LOC_STRINGS = NO;
				SWIFT_VERSION = 5.0;
				TARGETED_DEVICE_FAMILY = "1,2";
				TEST_TARGET_NAME = PadawanWallet;
			};
			name = Release;
		};
/* End XCBuildConfiguration section */

/* Begin XCConfigurationList section */
		BFE0DAFF2BDA6BCD00BF19E3 /* Build configuration list for PBXProject "PadawanWallet" */ = {
			isa = XCConfigurationList;
			buildConfigurations = (
				BFE0DB262BDA6BCE00BF19E3 /* Debug */,
				BFE0DB272BDA6BCE00BF19E3 /* Release */,
			);
			defaultConfigurationIsVisible = 0;
			defaultConfigurationName = Release;
		};
		BFE0DB282BDA6BCE00BF19E3 /* Build configuration list for PBXNativeTarget "PadawanWallet" */ = {
			isa = XCConfigurationList;
			buildConfigurations = (
				BFE0DB292BDA6BCE00BF19E3 /* Debug */,
				BFE0DB2A2BDA6BCE00BF19E3 /* Release */,
			);
			defaultConfigurationIsVisible = 0;
			defaultConfigurationName = Release;
		};
		BFE0DB2B2BDA6BCE00BF19E3 /* Build configuration list for PBXNativeTarget "PadawanWalletTests" */ = {
			isa = XCConfigurationList;
			buildConfigurations = (
				BFE0DB2C2BDA6BCE00BF19E3 /* Debug */,
				BFE0DB2D2BDA6BCE00BF19E3 /* Release */,
			);
			defaultConfigurationIsVisible = 0;
			defaultConfigurationName = Release;
		};
		BFE0DB2E2BDA6BCE00BF19E3 /* Build configuration list for PBXNativeTarget "PadawanWalletUITests" */ = {
			isa = XCConfigurationList;
			buildConfigurations = (
				BFE0DB2F2BDA6BCE00BF19E3 /* Debug */,
				BFE0DB302BDA6BCE00BF19E3 /* Release */,
			);
			defaultConfigurationIsVisible = 0;
			defaultConfigurationName = Release;
		};
/* End XCConfigurationList section */

/* Begin XCRemoteSwiftPackageReference section */
		BF9619A72BDB3D00007DCA53 /* XCRemoteSwiftPackageReference "PadawanKmp" */ = {
			isa = XCRemoteSwiftPackageReference;
			repositoryURL = "https://github.com/thunderbiscuit/PadawanKmp.git";
			requirement = {
				kind = exactVersion;
				version = 0.0.2;
			};
		};
		BFDF73E82BDA9E9D00AD758C /* XCRemoteSwiftPackageReference "bdk-swift" */ = {
			isa = XCRemoteSwiftPackageReference;
			repositoryURL = "https://github.com/bitcoindevkit/bdk-swift.git";
			requirement = {
				kind = exactVersion;
				version = 0.31.1;
			};
		};
/* End XCRemoteSwiftPackageReference section */

/* Begin XCSwiftPackageProductDependency section */
		BF0198462BDAE00C0078840D /* PadawanKmp */ = {
			isa = XCSwiftPackageProductDependency;
			productName = PadawanKmp;
		};
		BF9619A82BDB3D00007DCA53 /* PadawanKmp */ = {
			isa = XCSwiftPackageProductDependency;
			package = BF9619A72BDB3D00007DCA53 /* XCRemoteSwiftPackageReference "PadawanKmp" */;
			productName = PadawanKmp;
		};
		BFDF73E92BDA9E9D00AD758C /* BitcoinDevKit */ = {
			isa = XCSwiftPackageProductDependency;
			package = BFDF73E82BDA9E9D00AD758C /* XCRemoteSwiftPackageReference "bdk-swift" */;
			productName = BitcoinDevKit;
		};
/* End XCSwiftPackageProductDependency section */
	};
	rootObject = BFE0DAFC2BDA6BCD00BF19E3 /* Project object */;
}
