{
  "originHash" : "ca3197f4ba2afd517d13387ef91c0c2e58f0be47e5ec0fae62ba8325d4605b8a",
  "pins" : [
    {
      "identity" : "bdk-swift",
      "kind" : "remoteSourceControl",
      "location" : "https://github.com/bitcoindevkit/bdk-swift.git",
      "state" : {
        "revision" : "f2398109ebd8759322f601d9938779f3cdf99a12",
        "version" : "0.31.1"
      }
    }
  ],
  "version" : 3
}
