{
  "pins" : [
    {
      "identity" : "bdk-swift",
      "kind" : "remoteSourceControl",
      "location" : "https://github.com/bitcoindevkit/bdk-swift.git",
      "state" : {
        "revision" : "20ca547a69487a41665ad7d92b0f1aa46b84d9d0",
        "version" : "0.31.0"
      }
    }
  ],
  "version" : 2
}
